# This file is automatically @generated by Cargo.
# It is not intended for manual editing.
[[package]]
name = "forever"
version = "0.1.0"
dependencies = [
 "fork",
]

[[package]]
name = "fork"
version = "0.1.18"
source = "registry+https://github.com/rust-lang/crates.io-index"
checksum = "e4c5b9b0bce249a456f83ac4404e8baad0d2ba81cf651949719a4f74eb7323bb"
dependencies = [
 "libc",
]

[[package]]
name = "libc"
version = "0.2.81"
source = "registry+https://github.com/rust-lang/crates.io-index"
checksum = "1482821306169ec4d07f6aca392a4681f66c75c9918aa49641a2595db64053cb"

[[package]]
name = "monitor"
version = "0.1.0"

[[package]]
name = "spawn_forever"
version = "0.1.0"
